
Microsoft Visual Studio Solution File, Format Version 12.00
# Visual Studio Version 16
VisualStudioVersion = 16.0.30114.105
MinimumVisualStudioVersion = 10.0.40219.1
Project("{9A19103F-16F7-4668-BE54-9A1E7A4F7556}") = "ComunicationWpfAngular.Api", "ComunicationWpfAngular.Api\ComunicationWpfAngular.Api.csproj", "{35F073B2-6B2A-4CBC-A0D2-1A6CAD09DEA4}"
EndProject
Project("{FAE04EC0-301F-11D3-BF4B-00C04F79EFBC}") = "ComunicationWpfAngular.WPF", "ComunicationWpfAngular.WPF\ComunicationWpfAngular.WPF.csproj", "{2C2B5EA2-CA73-46C7-9F37-926A40252AB3}"
EndProject
Project("{FAE04EC0-301F-11D3-BF4B-00C04F79EFBC}") = "ComunicationWpfAngular.Contracts", "ComunicationWpfAngular.Contracts\ComunicationWpfAngular.Contracts.csproj", "{34C97C9D-037F-46A3-843D-52EAFFDB5168}"
EndProject
Global
	GlobalSection(SolutionConfigurationPlatforms) = preSolution
		Debug|Any CPU = Debug|Any CPU
		Release|Any CPU = Release|Any CPU
	EndGlobalSection
	GlobalSection(ProjectConfigurationPlatforms) = postSolution
		{35F073B2-6B2A-4CBC-A0D2-1A6CAD09DEA4}.Debug|Any CPU.ActiveCfg = Debug|Any CPU
		{35F073B2-6B2A-4CBC-A0D2-1A6CAD09DEA4}.Debug|Any CPU.Build.0 = Debug|Any CPU
		{35F073B2-6B2A-4CBC-A0D2-1A6CAD09DEA4}.Release|Any CPU.ActiveCfg = Release|Any CPU
		{35F073B2-6B2A-4CBC-A0D2-1A6CAD09DEA4}.Release|Any CPU.Build.0 = Release|Any CPU
		{2C2B5EA2-CA73-46C7-9F37-926A40252AB3}.Debug|Any CPU.ActiveCfg = Debug|Any CPU
		{2C2B5EA2-CA73-46C7-9F37-926A40252AB3}.Debug|Any CPU.Build.0 = Debug|Any CPU
		{2C2B5EA2-CA73-46C7-9F37-926A40252AB3}.Release|Any CPU.ActiveCfg = Release|Any CPU
		{2C2B5EA2-CA73-46C7-9F37-926A40252AB3}.Release|Any CPU.Build.0 = Release|Any CPU
		{34C97C9D-037F-46A3-843D-52EAFFDB5168}.Debug|Any CPU.ActiveCfg = Debug|Any CPU
		{34C97C9D-037F-46A3-843D-52EAFFDB5168}.Debug|Any CPU.Build.0 = Debug|Any CPU
		{34C97C9D-037F-46A3-843D-52EAFFDB5168}.Release|Any CPU.ActiveCfg = Release|Any CPU
		{34C97C9D-037F-46A3-843D-52EAFFDB5168}.Release|Any CPU.Build.0 = Release|Any CPU
	EndGlobalSection
	GlobalSection(SolutionProperties) = preSolution
		HideSolutionNode = FALSE
	EndGlobalSection
	GlobalSection(ExtensibilityGlobals) = postSolution
		SolutionGuid = {658E0D67-E8C3-4F63-A273-3D2E94BBC0EC}
	EndGlobalSection
EndGlobal
